
Microsoft Visual Studio Solution File, Format Version 12.00
# Visual Studio Version 17
VisualStudioVersion = 17.11.35219.272
MinimumVisualStudioVersion = 10.0.40219.1
Project("{8BC9CEB8-8B4A-11D0-8D11-00A0C91BC942}") = "function_code", "function_code.vcxproj", "{1735EE72-CB92-4FBB-BE87-3B8FFA7B9EB7}"
EndProject
Global
	GlobalSection(SolutionConfigurationPlatforms) = preSolution
		Debug|x64 = Debug|x64
		Debug|x86 = Debug|x86
		Release|x64 = Release|x64
		Release|x86 = Release|x86
	EndGlobalSection
	GlobalSection(ProjectConfigurationPlatforms) = postSolution
		{1735EE72-CB92-4FBB-BE87-3B8FFA7B9EB7}.Debug|x64.ActiveCfg = Debug|x64
		{1735EE72-CB92-4FBB-BE87-3B8FFA7B9EB7}.Debug|x64.Build.0 = Debug|x64
		{1735EE72-CB92-4FBB-BE87-3B8FFA7B9EB7}.Debug|x86.ActiveCfg = Debug|Win32
		{1735EE72-CB92-4FBB-BE87-3B8FFA7B9EB7}.Debug|x86.Build.0 = Debug|Win32
		{1735EE72-CB92-4FBB-BE87-3B8FFA7B9EB7}.Release|x64.ActiveCfg = Release|x64
		{1735EE72-CB92-4FBB-BE87-3B8FFA7B9EB7}.Release|x64.Build.0 = Release|x64
		{1735EE72-CB92-4FBB-BE87-3B8FFA7B9EB7}.Release|x86.ActiveCfg = Release|Win32
		{1735EE72-CB92-4FBB-BE87-3B8FFA7B9EB7}.Release|x86.Build.0 = Release|Win32
	EndGlobalSection
	GlobalSection(SolutionProperties) = preSolution
		HideSolutionNode = FALSE
	EndGlobalSection
	GlobalSection(ExtensibilityGlobals) = postSolution
		SolutionGuid = {45D1927A-E58A-46EA-A535-781FB2E5FD74}
	EndGlobalSection
EndGlobal
